
Microsoft Visual Studio Solution File, Format Version 12.00
# Visual Studio Version 16
VisualStudioVersion = 16.0.31105.61
MinimumVisualStudioVersion = 10.0.40219.1
Project("{FAE04EC0-301F-11D3-BF4B-00C04F79EFBC}") = "TEST", "TEST\TEST.csproj", "{C81D182D-397E-426B-BB51-069E693F89F1}"
EndProject
Global
	GlobalSection(SolutionConfigurationPlatforms) = preSolution
		Debug|Any CPU = Debug|Any CPU
		Release|Any CPU = Release|Any CPU
	EndGlobalSection
	GlobalSection(ProjectConfigurationPlatforms) = postSolution
		{C81D182D-397E-426B-BB51-069E693F89F1}.Debug|Any CPU.ActiveCfg = Debug|Any CPU
		{C81D182D-397E-426B-BB51-069E693F89F1}.Debug|Any CPU.Build.0 = Debug|Any CPU
		{C81D182D-397E-426B-BB51-069E693F89F1}.Release|Any CPU.ActiveCfg = Release|Any CPU
		{C81D182D-397E-426B-BB51-069E693F89F1}.Release|Any CPU.Build.0 = Release|Any CPU
	EndGlobalSection
	GlobalSection(SolutionProperties) = preSolution
		HideSolutionNode = FALSE
	EndGlobalSection
	GlobalSection(ExtensibilityGlobals) = postSolution
		SolutionGuid = {D09310E0-69E9-4AD4-A843-240B13502923}
	EndGlobalSection
EndGlobal
